
Microsoft Visual Studio Solution File, Format Version 12.00
# Visual Studio Version 16
VisualStudioVersion = 16.0.30225.117
MinimumVisualStudioVersion = 10.0.40219.1
Project("{FAE04EC0-301F-11D3-BF4B-00C04F79EFBC}") = "StockWeight", "StockWeight.csproj", "{7BD4BC9C-03B9-4CD9-BD53-A10B66A114CF}"
EndProject
Global
	GlobalSection(SolutionConfigurationPlatforms) = preSolution
		Debug|Any CPU = Debug|Any CPU
		Release|Any CPU = Release|Any CPU
	EndGlobalSection
	GlobalSection(ProjectConfigurationPlatforms) = postSolution
		{7BD4BC9C-03B9-4CD9-BD53-A10B66A114CF}.Debug|Any CPU.ActiveCfg = Debug|Any CPU
		{7BD4BC9C-03B9-4CD9-BD53-A10B66A114CF}.Debug|Any CPU.Build.0 = Debug|Any CPU
		{7BD4BC9C-03B9-4CD9-BD53-A10B66A114CF}.Release|Any CPU.ActiveCfg = Release|Any CPU
		{7BD4BC9C-03B9-4CD9-BD53-A10B66A114CF}.Release|Any CPU.Build.0 = Release|Any CPU
	EndGlobalSection
	GlobalSection(SolutionProperties) = preSolution
		HideSolutionNode = FALSE
	EndGlobalSection
	GlobalSection(ExtensibilityGlobals) = postSolution
		SolutionGuid = {DAD80434-021A-4A7B-92E2-413D8668FC72}
	EndGlobalSection
EndGlobal
